
Microsoft Visual Studio Solution File, Format Version 12.00
# Visual Studio 14
VisualStudioVersion = 14.0.24720.0
MinimumVisualStudioVersion = 10.0.40219.1
Project("{FAE04EC0-301F-11D3-BF4B-00C04F79EFBC}") = "Phoneword.Droid", "Phoneword\Phoneword.Droid\Phoneword.Droid.csproj", "{F5B3D214-2B6F-4356-AAC8-6E7783893BCB}"
EndProject
Project("{FAE04EC0-301F-11D3-BF4B-00C04F79EFBC}") = "Phoneword.iOS", "Phoneword\Phoneword.iOS\Phoneword.iOS.csproj", "{8FD3EF12-911E-44A6-925C-D780359A8283}"
EndProject
Project("{FAE04EC0-301F-11D3-BF4B-00C04F79EFBC}") = "Phoneword.UWP", "Phoneword\Phoneword.UWP\Phoneword.UWP.csproj", "{8A0FAF42-755B-4EC8-BB07-EC4551FEE037}"
EndProject
Project("{FAE04EC0-301F-11D3-BF4B-00C04F79EFBC}") = "Phoneword.Windows", "Phoneword\Phoneword.Windows\Phoneword.Windows.csproj", "{9D2051E8-1A0A-4998-B4A7-708F444649E5}"
EndProject
Project("{FAE04EC0-301F-11D3-BF4B-00C04F79EFBC}") = "Phoneword", "Phoneword\Phoneword\Phoneword.csproj", "{9D589A73-AF69-4DDF-ABF3-98BE4824CB4D}"
EndProject
Global
	GlobalSection(SolutionConfigurationPlatforms) = preSolution
		Ad-Hoc|Any CPU = Ad-Hoc|Any CPU
		Ad-Hoc|ARM = Ad-Hoc|ARM
		Ad-Hoc|iPhone = Ad-Hoc|iPhone
		Ad-Hoc|iPhoneSimulator = Ad-Hoc|iPhoneSimulator
		Ad-Hoc|x64 = Ad-Hoc|x64
		Ad-Hoc|x86 = Ad-Hoc|x86
		AppStore|Any CPU = AppStore|Any CPU
		AppStore|ARM = AppStore|ARM
		AppStore|iPhone = AppStore|iPhone
		AppStore|iPhoneSimulator = AppStore|iPhoneSimulator
		AppStore|x64 = AppStore|x64
		AppStore|x86 = AppStore|x86
		Debug|Any CPU = Debug|Any CPU
		Debug|ARM = Debug|ARM
		Debug|iPhone = Debug|iPhone
		Debug|iPhoneSimulator = Debug|iPhoneSimulator
		Debug|x64 = Debug|x64
		Debug|x86 = Debug|x86
		Release|Any CPU = Release|Any CPU
		Release|ARM = Release|ARM
		Release|iPhone = Release|iPhone
		Release|iPhoneSimulator = Release|iPhoneSimulator
		Release|x64 = Release|x64
		Release|x86 = Release|x86
	EndGlobalSection
	GlobalSection(ProjectConfigurationPlatforms) = postSolution
		{F5B3D214-2B6F-4356-AAC8-6E7783893BCB}.Ad-Hoc|Any CPU.ActiveCfg = Release|Any CPU
		{F5B3D214-2B6F-4356-AAC8-6E7783893BCB}.Ad-Hoc|Any CPU.Build.0 = Release|Any CPU
		{F5B3D214-2B6F-4356-AAC8-6E7783893BCB}.Ad-Hoc|Any CPU.Deploy.0 = Release|Any CPU
		{F5B3D214-2B6F-4356-AAC8-6E7783893BCB}.Ad-Hoc|ARM.ActiveCfg = Release|Any CPU
		{F5B3D214-2B6F-4356-AAC8-6E7783893BCB}.Ad-Hoc|ARM.Build.0 = Release|Any CPU
		{F5B3D214-2B6F-4356-AAC8-6E7783893BCB}.Ad-Hoc|ARM.Deploy.0 = Release|Any CPU
		{F5B3D214-2B6F-4356-AAC8-6E7783893BCB}.Ad-Hoc|iPhone.ActiveCfg = Release|Any CPU
		{F5B3D214-2B6F-4356-AAC8-6E7783893BCB}.Ad-Hoc|iPhone.Build.0 = Release|Any CPU
		{F5B3D214-2B6F-4356-AAC8-6E7783893BCB}.Ad-Hoc|iPhone.Deploy.0 = Release|Any CPU
		{F5B3D214-2B6F-4356-AAC8-6E7783893BCB}.Ad-Hoc|iPhoneSimulator.ActiveCfg = Release|Any CPU
		{F5B3D214-2B6F-4356-AAC8-6E7783893BCB}.Ad-Hoc|iPhoneSimulator.Build.0 = Release|Any CPU
		{F5B3D214-2B6F-4356-AAC8-6E7783893BCB}.Ad-Hoc|iPhoneSimulator.Deploy.0 = Release|Any CPU
		{F5B3D214-2B6F-4356-AAC8-6E7783893BCB}.Ad-Hoc|x64.ActiveCfg = Release|Any CPU
		{F5B3D214-2B6F-4356-AAC8-6E7783893BCB}.Ad-Hoc|x64.Build.0 = Release|Any CPU
		{F5B3D214-2B6F-4356-AAC8-6E7783893BCB}.Ad-Hoc|x64.Deploy.0 = Release|Any CPU
		{F5B3D214-2B6F-4356-AAC8-6E7783893BCB}.Ad-Hoc|x86.ActiveCfg = Release|Any CPU
		{F5B3D214-2B6F-4356-AAC8-6E7783893BCB}.Ad-Hoc|x86.Build.0 = Release|Any CPU
		{F5B3D214-2B6F-4356-AAC8-6E7783893BCB}.Ad-Hoc|x86.Deploy.0 = Release|Any CPU
		{F5B3D214-2B6F-4356-AAC8-6E7783893BCB}.AppStore|Any CPU.ActiveCfg = Release|Any CPU
		{F5B3D214-2B6F-4356-AAC8-6E7783893BCB}.AppStore|Any CPU.Build.0 = Release|Any CPU
		{F5B3D214-2B6F-4356-AAC8-6E7783893BCB}.AppStore|Any CPU.Deploy.0 = Release|Any CPU
		{F5B3D214-2B6F-4356-AAC8-6E7783893BCB}.AppStore|ARM.ActiveCfg = Release|Any CPU
		{F5B3D214-2B6F-4356-AAC8-6E7783893BCB}.AppStore|ARM.Build.0 = Release|Any CPU
		{F5B3D214-2B6F-4356-AAC8-6E7783893BCB}.AppStore|ARM.Deploy.0 = Release|Any CPU
		{F5B3D214-2B6F-4356-AAC8-6E7783893BCB}.AppStore|iPhone.ActiveCfg = Release|Any CPU
		{F5B3D214-2B6F-4356-AAC8-6E7783893BCB}.AppStore|iPhone.Build.0 = Release|Any CPU
		{F5B3D214-2B6F-4356-AAC8-6E7783893BCB}.AppStore|iPhone.Deploy.0 = Release|Any CPU
		{F5B3D214-2B6F-4356-AAC8-6E7783893BCB}.AppStore|iPhoneSimulator.ActiveCfg = Release|Any CPU
		{F5B3D214-2B6F-4356-AAC8-6E7783893BCB}.AppStore|iPhoneSimulator.Build.0 = Release|Any CPU
		{F5B3D214-2B6F-4356-AAC8-6E7783893BCB}.AppStore|iPhoneSimulator.Deploy.0 = Release|Any CPU
		{F5B3D214-2B6F-4356-AAC8-6E7783893BCB}.AppStore|x64.ActiveCfg = Release|Any CPU
		{F5B3D214-2B6F-4356-AAC8-6E7783893BCB}.AppStore|x64.Build.0 = Release|Any CPU
		{F5B3D214-2B6F-4356-AAC8-6E7783893BCB}.AppStore|x64.Deploy.0 = Release|Any CPU
		{F5B3D214-2B6F-4356-AAC8-6E7783893BCB}.AppStore|x86.ActiveCfg = Release|Any CPU
		{F5B3D214-2B6F-4356-AAC8-6E7783893BCB}.AppStore|x86.Build.0 = Release|Any CPU
		{F5B3D214-2B6F-4356-AAC8-6E7783893BCB}.AppStore|x86.Deploy.0 = Release|Any CPU
		{F5B3D214-2B6F-4356-AAC8-6E7783893BCB}.Debug|Any CPU.ActiveCfg = Debug|Any CPU
		{F5B3D214-2B6F-4356-AAC8-6E7783893BCB}.Debug|Any CPU.Build.0 = Debug|Any CPU
		{F5B3D214-2B6F-4356-AAC8-6E7783893BCB}.Debug|Any CPU.Deploy.0 = Debug|Any CPU
		{F5B3D214-2B6F-4356-AAC8-6E7783893BCB}.Debug|ARM.ActiveCfg = Debug|Any CPU
		{F5B3D214-2B6F-4356-AAC8-6E7783893BCB}.Debug|ARM.Build.0 = Debug|Any CPU
		{F5B3D214-2B6F-4356-AAC8-6E7783893BCB}.Debug|ARM.Deploy.0 = Debug|Any CPU
		{F5B3D214-2B6F-4356-AAC8-6E7783893BCB}.Debug|iPhone.ActiveCfg = Debug|Any CPU
		{F5B3D214-2B6F-4356-AAC8-6E7783893BCB}.Debug|iPhone.Build.0 = Debug|Any CPU
		{F5B3D214-2B6F-4356-AAC8-6E7783893BCB}.Debug|iPhone.Deploy.0 = Debug|Any CPU
		{F5B3D214-2B6F-4356-AAC8-6E7783893BCB}.Debug|iPhoneSimulator.ActiveCfg = Debug|Any CPU
		{F5B3D214-2B6F-4356-AAC8-6E7783893BCB}.Debug|iPhoneSimulator.Build.0 = Debug|Any CPU
		{F5B3D214-2B6F-4356-AAC8-6E7783893BCB}.Debug|iPhoneSimulator.Deploy.0 = Debug|Any CPU
		{F5B3D214-2B6F-4356-AAC8-6E7783893BCB}.Debug|x64.ActiveCfg = Debug|Any CPU
		{F5B3D214-2B6F-4356-AAC8-6E7783893BCB}.Debug|x64.Build.0 = Debug|Any CPU
		{F5B3D214-2B6F-4356-AAC8-6E7783893BCB}.Debug|x64.Deploy.0 = Debug|Any CPU
		{F5B3D214-2B6F-4356-AAC8-6E7783893BCB}.Debug|x86.ActiveCfg = Debug|Any CPU
		{F5B3D214-2B6F-4356-AAC8-6E7783893BCB}.Debug|x86.Build.0 = Debug|Any CPU
		{F5B3D214-2B6F-4356-AAC8-6E7783893BCB}.Debug|x86.Deploy.0 = Debug|Any CPU
		{F5B3D214-2B6F-4356-AAC8-6E7783893BCB}.Release|Any CPU.ActiveCfg = Release|Any CPU
		{F5B3D214-2B6F-4356-AAC8-6E7783893BCB}.Release|Any CPU.Build.0 = Release|Any CPU
		{F5B3D214-2B6F-4356-AAC8-6E7783893BCB}.Release|Any CPU.Deploy.0 = Release|Any CPU
		{F5B3D214-2B6F-4356-AAC8-6E7783893BCB}.Release|ARM.ActiveCfg = Release|Any CPU
		{F5B3D214-2B6F-4356-AAC8-6E7783893BCB}.Release|ARM.Build.0 = Release|Any CPU
		{F5B3D214-2B6F-4356-AAC8-6E7783893BCB}.Release|ARM.Deploy.0 = Release|Any CPU
		{F5B3D214-2B6F-4356-AAC8-6E7783893BCB}.Release|iPhone.ActiveCfg = Release|Any CPU
		{F5B3D214-2B6F-4356-AAC8-6E7783893BCB}.Release|iPhone.Build.0 = Release|Any CPU
		{F5B3D214-2B6F-4356-AAC8-6E7783893BCB}.Release|iPhone.Deploy.0 = Release|Any CPU
		{F5B3D214-2B6F-4356-AAC8-6E7783893BCB}.Release|iPhoneSimulator.ActiveCfg = Release|Any CPU
		{F5B3D214-2B6F-4356-AAC8-6E7783893BCB}.Release|iPhoneSimulator.Build.0 = Release|Any CPU
		{F5B3D214-2B6F-4356-AAC8-6E7783893BCB}.Release|iPhoneSimulator.Deploy.0 = Release|Any CPU
		{F5B3D214-2B6F-4356-AAC8-6E7783893BCB}.Release|x64.ActiveCfg = Release|Any CPU
		{F5B3D214-2B6F-4356-AAC8-6E7783893BCB}.Release|x64.Build.0 = Release|Any CPU
		{F5B3D214-2B6F-4356-AAC8-6E7783893BCB}.Release|x64.Deploy.0 = Release|Any CPU
		{F5B3D214-2B6F-4356-AAC8-6E7783893BCB}.Release|x86.ActiveCfg = Release|Any CPU
		{F5B3D214-2B6F-4356-AAC8-6E7783893BCB}.Release|x86.Build.0 = Release|Any CPU
		{F5B3D214-2B6F-4356-AAC8-6E7783893BCB}.Release|x86.Deploy.0 = Release|Any CPU
		{8FD3EF12-911E-44A6-925C-D780359A8283}.Ad-Hoc|Any CPU.ActiveCfg = Ad-Hoc|iPhone
		{8FD3EF12-911E-44A6-925C-D780359A8283}.Ad-Hoc|ARM.ActiveCfg = Ad-Hoc|iPhone
		{8FD3EF12-911E-44A6-925C-D780359A8283}.Ad-Hoc|iPhone.ActiveCfg = Ad-Hoc|iPhone
		{8FD3EF12-911E-44A6-925C-D780359A8283}.Ad-Hoc|iPhone.Build.0 = Ad-Hoc|iPhone
		{8FD3EF12-911E-44A6-925C-D780359A8283}.Ad-Hoc|iPhoneSimulator.ActiveCfg = Ad-Hoc|iPhoneSimulator
		{8FD3EF12-911E-44A6-925C-D780359A8283}.Ad-Hoc|iPhoneSimulator.Build.0 = Ad-Hoc|iPhoneSimulator
		{8FD3EF12-911E-44A6-925C-D780359A8283}.Ad-Hoc|x64.ActiveCfg = Ad-Hoc|iPhone
		{8FD3EF12-911E-44A6-925C-D780359A8283}.Ad-Hoc|x86.ActiveCfg = Ad-Hoc|iPhone
		{8FD3EF12-911E-44A6-925C-D780359A8283}.AppStore|Any CPU.ActiveCfg = AppStore|iPhone
		{8FD3EF12-911E-44A6-925C-D780359A8283}.AppStore|ARM.ActiveCfg = AppStore|iPhone
		{8FD3EF12-911E-44A6-925C-D780359A8283}.AppStore|iPhone.ActiveCfg = AppStore|iPhone
		{8FD3EF12-911E-44A6-925C-D780359A8283}.AppStore|iPhone.Build.0 = AppStore|iPhone
		{8FD3EF12-911E-44A6-925C-D780359A8283}.AppStore|iPhoneSimulator.ActiveCfg = AppStore|iPhoneSimulator
		{8FD3EF12-911E-44A6-925C-D780359A8283}.AppStore|iPhoneSimulator.Build.0 = AppStore|iPhoneSimulator
		{8FD3EF12-911E-44A6-925C-D780359A8283}.AppStore|x64.ActiveCfg = AppStore|iPhone
		{8FD3EF12-911E-44A6-925C-D780359A8283}.AppStore|x86.ActiveCfg = AppStore|iPhone
		{8FD3EF12-911E-44A6-925C-D780359A8283}.Debug|Any CPU.ActiveCfg = Debug|iPhone
		{8FD3EF12-911E-44A6-925C-D780359A8283}.Debug|ARM.ActiveCfg = Debug|iPhone
		{8FD3EF12-911E-44A6-925C-D780359A8283}.Debug|iPhone.ActiveCfg = Debug|iPhone
		{8FD3EF12-911E-44A6-925C-D780359A8283}.Debug|iPhone.Build.0 = Debug|iPhone
		{8FD3EF12-911E-44A6-925C-D780359A8283}.Debug|iPhoneSimulator.ActiveCfg = Debug|iPhoneSimulator
		{8FD3EF12-911E-44A6-925C-D780359A8283}.Debug|iPhoneSimulator.Build.0 = Debug|iPhoneSimulator
		{8FD3EF12-911E-44A6-925C-D780359A8283}.Debug|x64.ActiveCfg = Debug|iPhone
		{8FD3EF12-911E-44A6-925C-D780359A8283}.Debug|x86.ActiveCfg = Debug|iPhone
		{8FD3EF12-911E-44A6-925C-D780359A8283}.Release|Any CPU.ActiveCfg = Release|iPhone
		{8FD3EF12-911E-44A6-925C-D780359A8283}.Release|ARM.ActiveCfg = Release|iPhone
		{8FD3EF12-911E-44A6-925C-D780359A8283}.Release|iPhone.ActiveCfg = Release|iPhone
		{8FD3EF12-911E-44A6-925C-D780359A8283}.Release|iPhone.Build.0 = Release|iPhone
		{8FD3EF12-911E-44A6-925C-D780359A8283}.Release|iPhoneSimulator.ActiveCfg = Release|iPhoneSimulator
		{8FD3EF12-911E-44A6-925C-D780359A8283}.Release|iPhoneSimulator.Build.0 = Release|iPhoneSimulator
		{8FD3EF12-911E-44A6-925C-D780359A8283}.Release|x64.ActiveCfg = Release|iPhone
		{8FD3EF12-911E-44A6-925C-D780359A8283}.Release|x86.ActiveCfg = Release|iPhone
		{8A0FAF42-755B-4EC8-BB07-EC4551FEE037}.Ad-Hoc|Any CPU.ActiveCfg = Release|x86
		{8A0FAF42-755B-4EC8-BB07-EC4551FEE037}.Ad-Hoc|Any CPU.Build.0 = Release|x86
		{8A0FAF42-755B-4EC8-BB07-EC4551FEE037}.Ad-Hoc|Any CPU.Deploy.0 = Release|x86
		{8A0FAF42-755B-4EC8-BB07-EC4551FEE037}.Ad-Hoc|ARM.ActiveCfg = Release|ARM
		{8A0FAF42-755B-4EC8-BB07-EC4551FEE037}.Ad-Hoc|ARM.Build.0 = Release|ARM
		{8A0FAF42-755B-4EC8-BB07-EC4551FEE037}.Ad-Hoc|ARM.Deploy.0 = Release|ARM
		{8A0FAF42-755B-4EC8-BB07-EC4551FEE037}.Ad-Hoc|iPhone.ActiveCfg = Release|x86
		{8A0FAF42-755B-4EC8-BB07-EC4551FEE037}.Ad-Hoc|iPhone.Build.0 = Release|x86
		{8A0FAF42-755B-4EC8-BB07-EC4551FEE037}.Ad-Hoc|iPhone.Deploy.0 = Release|x86
		{8A0FAF42-755B-4EC8-BB07-EC4551FEE037}.Ad-Hoc|iPhoneSimulator.ActiveCfg = Release|x86
		{8A0FAF42-755B-4EC8-BB07-EC4551FEE037}.Ad-Hoc|iPhoneSimulator.Build.0 = Release|x86
		{8A0FAF42-755B-4EC8-BB07-EC4551FEE037}.Ad-Hoc|iPhoneSimulator.Deploy.0 = Release|x86
		{8A0FAF42-755B-4EC8-BB07-EC4551FEE037}.Ad-Hoc|x64.ActiveCfg = Release|x64
		{8A0FAF42-755B-4EC8-BB07-EC4551FEE037}.Ad-Hoc|x64.Build.0 = Release|x64
		{8A0FAF42-755B-4EC8-BB07-EC4551FEE037}.Ad-Hoc|x64.Deploy.0 = Release|x64
		{8A0FAF42-755B-4EC8-BB07-EC4551FEE037}.Ad-Hoc|x86.ActiveCfg = Release|x86
		{8A0FAF42-755B-4EC8-BB07-EC4551FEE037}.Ad-Hoc|x86.Build.0 = Release|x86
		{8A0FAF42-755B-4EC8-BB07-EC4551FEE037}.Ad-Hoc|x86.Deploy.0 = Release|x86
		{8A0FAF42-755B-4EC8-BB07-EC4551FEE037}.AppStore|Any CPU.ActiveCfg = Release|x86
		{8A0FAF42-755B-4EC8-BB07-EC4551FEE037}.AppStore|Any CPU.Build.0 = Release|x86
		{8A0FAF42-755B-4EC8-BB07-EC4551FEE037}.AppStore|Any CPU.Deploy.0 = Release|x86
		{8A0FAF42-755B-4EC8-BB07-EC4551FEE037}.AppStore|ARM.ActiveCfg = Release|ARM
		{8A0FAF42-755B-4EC8-BB07-EC4551FEE037}.AppStore|ARM.Build.0 = Release|ARM
		{8A0FAF42-755B-4EC8-BB07-EC4551FEE037}.AppStore|ARM.Deploy.0 = Release|ARM
		{8A0FAF42-755B-4EC8-BB07-EC4551FEE037}.AppStore|iPhone.ActiveCfg = Release|x86
		{8A0FAF42-755B-4EC8-BB07-EC4551FEE037}.AppStore|iPhone.Build.0 = Release|x86
		{8A0FAF42-755B-4EC8-BB07-EC4551FEE037}.AppStore|iPhone.Deploy.0 = Release|x86
		{8A0FAF42-755B-4EC8-BB07-EC4551FEE037}.AppStore|iPhoneSimulator.ActiveCfg = Release|x86
		{8A0FAF42-755B-4EC8-BB07-EC4551FEE037}.AppStore|iPhoneSimulator.Build.0 = Release|x86
		{8A0FAF42-755B-4EC8-BB07-EC4551FEE037}.AppStore|iPhoneSimulator.Deploy.0 = Release|x86
		{8A0FAF42-755B-4EC8-BB07-EC4551FEE037}.AppStore|x64.ActiveCfg = Release|x64
		{8A0FAF42-755B-4EC8-BB07-EC4551FEE037}.AppStore|x64.Build.0 = Release|x64
		{8A0FAF42-755B-4EC8-BB07-EC4551FEE037}.AppStore|x64.Deploy.0 = Release|x64
		{8A0FAF42-755B-4EC8-BB07-EC4551FEE037}.AppStore|x86.ActiveCfg = Release|x86
		{8A0FAF42-755B-4EC8-BB07-EC4551FEE037}.AppStore|x86.Build.0 = Release|x86
		{8A0FAF42-755B-4EC8-BB07-EC4551FEE037}.AppStore|x86.Deploy.0 = Release|x86
		{8A0FAF42-755B-4EC8-BB07-EC4551FEE037}.Debug|Any CPU.ActiveCfg = Debug|x86
		{8A0FAF42-755B-4EC8-BB07-EC4551FEE037}.Debug|ARM.ActiveCfg = Debug|ARM
		{8A0FAF42-755B-4EC8-BB07-EC4551FEE037}.Debug|ARM.Build.0 = Debug|ARM
		{8A0FAF42-755B-4EC8-BB07-EC4551FEE037}.Debug|ARM.Deploy.0 = Debug|ARM
		{8A0FAF42-755B-4EC8-BB07-EC4551FEE037}.Debug|iPhone.ActiveCfg = Debug|x86
		{8A0FAF42-755B-4EC8-BB07-EC4551FEE037}.Debug|iPhoneSimulator.ActiveCfg = Debug|x86
		{8A0FAF42-755B-4EC8-BB07-EC4551FEE037}.Debug|x64.ActiveCfg = Debug|x64
		{8A0FAF42-755B-4EC8-BB07-EC4551FEE037}.Debug|x64.Build.0 = Debug|x64
		{8A0FAF42-755B-4EC8-BB07-EC4551FEE037}.Debug|x64.Deploy.0 = Debug|x64
		{8A0FAF42-755B-4EC8-BB07-EC4551FEE037}.Debug|x86.ActiveCfg = Debug|x86
		{8A0FAF42-755B-4EC8-BB07-EC4551FEE037}.Debug|x86.Build.0 = Debug|x86
		{8A0FAF42-755B-4EC8-BB07-EC4551FEE037}.Debug|x86.Deploy.0 = Debug|x86
		{8A0FAF42-755B-4EC8-BB07-EC4551FEE037}.Release|Any CPU.ActiveCfg = Release|x86
		{8A0FAF42-755B-4EC8-BB07-EC4551FEE037}.Release|ARM.ActiveCfg = Release|ARM
		{8A0FAF42-755B-4EC8-BB07-EC4551FEE037}.Release|ARM.Build.0 = Release|ARM
		{8A0FAF42-755B-4EC8-BB07-EC4551FEE037}.Release|ARM.Deploy.0 = Release|ARM
		{8A0FAF42-755B-4EC8-BB07-EC4551FEE037}.Release|iPhone.ActiveCfg = Release|x86
		{8A0FAF42-755B-4EC8-BB07-EC4551FEE037}.Release|iPhoneSimulator.ActiveCfg = Release|x86
		{8A0FAF42-755B-4EC8-BB07-EC4551FEE037}.Release|x64.ActiveCfg = Release|x64
		{8A0FAF42-755B-4EC8-BB07-EC4551FEE037}.Release|x64.Build.0 = Release|x64
		{8A0FAF42-755B-4EC8-BB07-EC4551FEE037}.Release|x64.Deploy.0 = Release|x64
		{8A0FAF42-755B-4EC8-BB07-EC4551FEE037}.Release|x86.ActiveCfg = Release|x86
		{8A0FAF42-755B-4EC8-BB07-EC4551FEE037}.Release|x86.Build.0 = Release|x86
		{8A0FAF42-755B-4EC8-BB07-EC4551FEE037}.Release|x86.Deploy.0 = Release|x86
		{9D2051E8-1A0A-4998-B4A7-708F444649E5}.Ad-Hoc|Any CPU.ActiveCfg = Release|Any CPU
		{9D2051E8-1A0A-4998-B4A7-708F444649E5}.Ad-Hoc|Any CPU.Build.0 = Release|Any CPU
		{9D2051E8-1A0A-4998-B4A7-708F444649E5}.Ad-Hoc|ARM.ActiveCfg = Release|ARM
		{9D2051E8-1A0A-4998-B4A7-708F444649E5}.Ad-Hoc|ARM.Build.0 = Release|ARM
		{9D2051E8-1A0A-4998-B4A7-708F444649E5}.Ad-Hoc|iPhone.ActiveCfg = Release|Any CPU
		{9D2051E8-1A0A-4998-B4A7-708F444649E5}.Ad-Hoc|iPhone.Build.0 = Release|Any CPU
		{9D2051E8-1A0A-4998-B4A7-708F444649E5}.Ad-Hoc|iPhoneSimulator.ActiveCfg = Release|Any CPU
		{9D2051E8-1A0A-4998-B4A7-708F444649E5}.Ad-Hoc|iPhoneSimulator.Build.0 = Release|Any CPU
		{9D2051E8-1A0A-4998-B4A7-708F444649E5}.Ad-Hoc|x64.ActiveCfg = Release|x64
		{9D2051E8-1A0A-4998-B4A7-708F444649E5}.Ad-Hoc|x64.Build.0 = Release|x64
		{9D2051E8-1A0A-4998-B4A7-708F444649E5}.Ad-Hoc|x86.ActiveCfg = Release|x86
		{9D2051E8-1A0A-4998-B4A7-708F444649E5}.Ad-Hoc|x86.Build.0 = Release|x86
		{9D2051E8-1A0A-4998-B4A7-708F444649E5}.AppStore|Any CPU.ActiveCfg = Release|Any CPU
		{9D2051E8-1A0A-4998-B4A7-708F444649E5}.AppStore|Any CPU.Build.0 = Release|Any CPU
		{9D2051E8-1A0A-4998-B4A7-708F444649E5}.AppStore|ARM.ActiveCfg = Release|ARM
		{9D2051E8-1A0A-4998-B4A7-708F444649E5}.AppStore|ARM.Build.0 = Release|ARM
		{9D2051E8-1A0A-4998-B4A7-708F444649E5}.AppStore|iPhone.ActiveCfg = Release|Any CPU
		{9D2051E8-1A0A-4998-B4A7-708F444649E5}.AppStore|iPhone.Build.0 = Release|Any CPU
		{9D2051E8-1A0A-4998-B4A7-708F444649E5}.AppStore|iPhoneSimulator.ActiveCfg = Release|Any CPU
		{9D2051E8-1A0A-4998-B4A7-708F444649E5}.AppStore|iPhoneSimulator.Build.0 = Release|Any CPU
		{9D2051E8-1A0A-4998-B4A7-708F444649E5}.AppStore|x64.ActiveCfg = Release|x64
		{9D2051E8-1A0A-4998-B4A7-708F444649E5}.AppStore|x64.Build.0 = Release|x64
		{9D2051E8-1A0A-4998-B4A7-708F444649E5}.AppStore|x86.ActiveCfg = Release|x86
		{9D2051E8-1A0A-4998-B4A7-708F444649E5}.AppStore|x86.Build.0 = Release|x86
		{9D2051E8-1A0A-4998-B4A7-708F444649E5}.Debug|Any CPU.ActiveCfg = Debug|Any CPU
		{9D2051E8-1A0A-4998-B4A7-708F444649E5}.Debug|Any CPU.Build.0 = Debug|Any CPU
		{9D2051E8-1A0A-4998-B4A7-708F444649E5}.Debug|ARM.ActiveCfg = Debug|ARM
		{9D2051E8-1A0A-4998-B4A7-708F444649E5}.Debug|ARM.Build.0 = Debug|ARM
		{9D2051E8-1A0A-4998-B4A7-708F444649E5}.Debug|iPhone.ActiveCfg = Debug|Any CPU
		{9D2051E8-1A0A-4998-B4A7-708F444649E5}.Debug|iPhone.Build.0 = Debug|Any CPU
		{9D2051E8-1A0A-4998-B4A7-708F444649E5}.Debug|iPhoneSimulator.ActiveCfg = Debug|Any CPU
		{9D2051E8-1A0A-4998-B4A7-708F444649E5}.Debug|iPhoneSimulator.Build.0 = Debug|Any CPU
		{9D2051E8-1A0A-4998-B4A7-708F444649E5}.Debug|x64.ActiveCfg = Debug|x64
		{9D2051E8-1A0A-4998-B4A7-708F444649E5}.Debug|x64.Build.0 = Debug|x64
		{9D2051E8-1A0A-4998-B4A7-708F444649E5}.Debug|x86.ActiveCfg = Debug|x86
		{9D2051E8-1A0A-4998-B4A7-708F444649E5}.Debug|x86.Build.0 = Debug|x86
		{9D2051E8-1A0A-4998-B4A7-708F444649E5}.Release|Any CPU.ActiveCfg = Release|Any CPU
		{9D2051E8-1A0A-4998-B4A7-708F444649E5}.Release|Any CPU.Build.0 = Release|Any CPU
		{9D2051E8-1A0A-4998-B4A7-708F444649E5}.Release|ARM.ActiveCfg = Release|ARM
		{9D2051E8-1A0A-4998-B4A7-708F444649E5}.Release|ARM.Build.0 = Release|ARM
		{9D2051E8-1A0A-4998-B4A7-708F444649E5}.Release|iPhone.ActiveCfg = Release|Any CPU
		{9D2051E8-1A0A-4998-B4A7-708F444649E5}.Release|iPhone.Build.0 = Release|Any CPU
		{9D2051E8-1A0A-4998-B4A7-708F444649E5}.Release|iPhoneSimulator.ActiveCfg = Release|Any CPU
		{9D2051E8-1A0A-4998-B4A7-708F444649E5}.Release|iPhoneSimulator.Build.0 = Release|Any CPU
		{9D2051E8-1A0A-4998-B4A7-708F444649E5}.Release|x64.ActiveCfg = Release|x64
		{9D2051E8-1A0A-4998-B4A7-708F444649E5}.Release|x64.Build.0 = Release|x64
		{9D2051E8-1A0A-4998-B4A7-708F444649E5}.Release|x86.ActiveCfg = Release|x86
		{9D2051E8-1A0A-4998-B4A7-708F444649E5}.Release|x86.Build.0 = Release|x86
		{9D589A73-AF69-4DDF-ABF3-98BE4824CB4D}.Ad-Hoc|Any CPU.ActiveCfg = Release|Any CPU
		{9D589A73-AF69-4DDF-ABF3-98BE4824CB4D}.Ad-Hoc|Any CPU.Build.0 = Release|Any CPU
		{9D589A73-AF69-4DDF-ABF3-98BE4824CB4D}.Ad-Hoc|ARM.ActiveCfg = Release|Any CPU
		{9D589A73-AF69-4DDF-ABF3-98BE4824CB4D}.Ad-Hoc|ARM.Build.0 = Release|Any CPU
		{9D589A73-AF69-4DDF-ABF3-98BE4824CB4D}.Ad-Hoc|iPhone.ActiveCfg = Release|Any CPU
		{9D589A73-AF69-4DDF-ABF3-98BE4824CB4D}.Ad-Hoc|iPhone.Build.0 = Release|Any CPU
		{9D589A73-AF69-4DDF-ABF3-98BE4824CB4D}.Ad-Hoc|iPhoneSimulator.ActiveCfg = Release|Any CPU
		{9D589A73-AF69-4DDF-ABF3-98BE4824CB4D}.Ad-Hoc|iPhoneSimulator.Build.0 = Release|Any CPU
		{9D589A73-AF69-4DDF-ABF3-98BE4824CB4D}.Ad-Hoc|x64.ActiveCfg = Release|Any CPU
		{9D589A73-AF69-4DDF-ABF3-98BE4824CB4D}.Ad-Hoc|x64.Build.0 = Release|Any CPU
		{9D589A73-AF69-4DDF-ABF3-98BE4824CB4D}.Ad-Hoc|x86.ActiveCfg = Release|Any CPU
		{9D589A73-AF69-4DDF-ABF3-98BE4824CB4D}.Ad-Hoc|x86.Build.0 = Release|Any CPU
		{9D589A73-AF69-4DDF-ABF3-98BE4824CB4D}.AppStore|Any CPU.ActiveCfg = Release|Any CPU
		{9D589A73-AF69-4DDF-ABF3-98BE4824CB4D}.AppStore|Any CPU.Build.0 = Release|Any CPU
		{9D589A73-AF69-4DDF-ABF3-98BE4824CB4D}.AppStore|ARM.ActiveCfg = Release|Any CPU
		{9D589A73-AF69-4DDF-ABF3-98BE4824CB4D}.AppStore|ARM.Build.0 = Release|Any CPU
		{9D589A73-AF69-4DDF-ABF3-98BE4824CB4D}.AppStore|iPhone.ActiveCfg = Release|Any CPU
		{9D589A73-AF69-4DDF-ABF3-98BE4824CB4D}.AppStore|iPhone.Build.0 = Release|Any CPU
		{9D589A73-AF69-4DDF-ABF3-98BE4824CB4D}.AppStore|iPhoneSimulator.ActiveCfg = Release|Any CPU
		{9D589A73-AF69-4DDF-ABF3-98BE4824CB4D}.AppStore|iPhoneSimulator.Build.0 = Release|Any CPU
		{9D589A73-AF69-4DDF-ABF3-98BE4824CB4D}.AppStore|x64.ActiveCfg = Release|Any CPU
		{9D589A73-AF69-4DDF-ABF3-98BE4824CB4D}.AppStore|x64.Build.0 = Release|Any CPU
		{9D589A73-AF69-4DDF-ABF3-98BE4824CB4D}.AppStore|x86.ActiveCfg = Release|Any CPU
		{9D589A73-AF69-4DDF-ABF3-98BE4824CB4D}.AppStore|x86.Build.0 = Release|Any CPU
		{9D589A73-AF69-4DDF-ABF3-98BE4824CB4D}.Debug|Any CPU.ActiveCfg = Debug|Any CPU
		{9D589A73-AF69-4DDF-ABF3-98BE4824CB4D}.Debug|Any CPU.Build.0 = Debug|Any CPU
		{9D589A73-AF69-4DDF-ABF3-98BE4824CB4D}.Debug|ARM.ActiveCfg = Debug|Any CPU
		{9D589A73-AF69-4DDF-ABF3-98BE4824CB4D}.Debug|ARM.Build.0 = Debug|Any CPU
		{9D589A73-AF69-4DDF-ABF3-98BE4824CB4D}.Debug|iPhone.ActiveCfg = Debug|Any CPU
		{9D589A73-AF69-4DDF-ABF3-98BE4824CB4D}.Debug|iPhone.Build.0 = Debug|Any CPU
		{9D589A73-AF69-4DDF-ABF3-98BE4824CB4D}.Debug|iPhoneSimulator.ActiveCfg = Debug|Any CPU
		{9D589A73-AF69-4DDF-ABF3-98BE4824CB4D}.Debug|iPhoneSimulator.Build.0 = Debug|Any CPU
		{9D589A73-AF69-4DDF-ABF3-98BE4824CB4D}.Debug|x64.ActiveCfg = Debug|Any CPU
		{9D589A73-AF69-4DDF-ABF3-98BE4824CB4D}.Debug|x64.Build.0 = Debug|Any CPU
		{9D589A73-AF69-4DDF-ABF3-98BE4824CB4D}.Debug|x86.ActiveCfg = Debug|Any CPU
		{9D589A73-AF69-4DDF-ABF3-98BE4824CB4D}.Debug|x86.Build.0 = Debug|Any CPU
		{9D589A73-AF69-4DDF-ABF3-98BE4824CB4D}.Release|Any CPU.ActiveCfg = Release|Any CPU
		{9D589A73-AF69-4DDF-ABF3-98BE4824CB4D}.Release|Any CPU.Build.0 = Release|Any CPU
		{9D589A73-AF69-4DDF-ABF3-98BE4824CB4D}.Release|ARM.ActiveCfg = Release|Any CPU
		{9D589A73-AF69-4DDF-ABF3-98BE4824CB4D}.Release|ARM.Build.0 = Release|Any CPU
		{9D589A73-AF69-4DDF-ABF3-98BE4824CB4D}.Release|iPhone.ActiveCfg = Release|Any CPU
		{9D589A73-AF69-4DDF-ABF3-98BE4824CB4D}.Release|iPhone.Build.0 = Release|Any CPU
		{9D589A73-AF69-4DDF-ABF3-98BE4824CB4D}.Release|iPhoneSimulator.ActiveCfg = Release|Any CPU
		{9D589A73-AF69-4DDF-ABF3-98BE4824CB4D}.Release|iPhoneSimulator.Build.0 = Release|Any CPU
		{9D589A73-AF69-4DDF-ABF3-98BE4824CB4D}.Release|x64.ActiveCfg = Release|Any CPU
		{9D589A73-AF69-4DDF-ABF3-98BE4824CB4D}.Release|x64.Build.0 = Release|Any CPU
		{9D589A73-AF69-4DDF-ABF3-98BE4824CB4D}.Release|x86.ActiveCfg = Release|Any CPU
		{9D589A73-AF69-4DDF-ABF3-98BE4824CB4D}.Release|x86.Build.0 = Release|Any CPU
	EndGlobalSection
	GlobalSection(SolutionProperties) = preSolution
		HideSolutionNode = FALSE
	EndGlobalSection
EndGlobal
